{
  "name": "@bot-dialog-generator/contracts",
  "version": "0.1.0",
  "lockfileVersion": 3,
  "requires": true,
  "packages": {
    "": {
      "name": "@bot-dialog-generator/contracts",
      "version": "0.1.0",
      "dependencies": {
        "@bufbuild/protobuf": "^2.2.3"
      },
      "devDependencies": {
        "typescript": "^5.7.2"
      }
    },
    "node_modules/@bufbuild/protobuf": {
      "version": "2.16.0",
      "resolved": "https://registry.npmjs.org/@bufbuild/protobuf/-/protobuf-2.16.0.tgz",
      "integrity": "sha512-FWa0sPlqYGJgpTs6OxBRcL/AW4JT0OIO+W1ajerluoTVh8CV0B7XM1qsNCRgnkSCkRCgOICKHRQlY17jrsm0+Q=="
    },
    "node_modules/typescript": {
      "version": "5.9.3",
      "resolved": "https://registry.npmjs.org/typescript/-/typescript-5.9.3.tgz",
      "integrity": "sha512-jl1vZzPDinLr9eUt3J/t7V6FgNEw9QjvBPdysz9KfQDD41fQrC2Y4vKQdiaUpFT4bXlb1RHhLpp8wtm6M5TgSw==",
      "dev": true,
      "bin": {
        "tsc": "bin/tsc",
        "tsserver": "bin/tsserver"
      },
      "engines": {
        "node": ">=14.17"
      }
    }
  }
}
